
Microsoft Visual Studio Solution File, Format Version 12.00
# Visual Studio 15
VisualStudioVersion = 15.0.27428.2043
MinimumVisualStudioVersion = 10.0.40219.1
Project("{FAE04EC0-301F-11D3-BF4B-00C04F79EFBC}") = "Mod6.Android", "Mod6\Mod6.Android\Mod6.Android.csproj", "{8140BAF9-038A-47D0-BC39-3BCDBBC242E9}"
EndProject
Project("{FAE04EC0-301F-11D3-BF4B-00C04F79EFBC}") = "Mod6.iOS", "Mod6\Mod6.iOS\Mod6.iOS.csproj", "{4982D904-AE41-4DB5-9BC4-E53F442DEE43}"
EndProject
Project("{FAE04EC0-301F-11D3-BF4B-00C04F79EFBC}") = "Mod6.UWP", "Mod6\Mod6.UWP\Mod6.UWP.csproj", "{E45F0087-71CF-4D4C-8D16-FF2D9BF8CEEA}"
EndProject
Project("{9A19103F-16F7-4668-BE54-9A1E7A4F7556}") = "Mod6", "Mod6\Mod6\Mod6.csproj", "{89E00962-A969-40FA-B15B-83605C432523}"
EndProject
Global
	GlobalSection(SolutionConfigurationPlatforms) = preSolution
		Ad-Hoc|Any CPU = Ad-Hoc|Any CPU
		Ad-Hoc|ARM = Ad-Hoc|ARM
		Ad-Hoc|iPhone = Ad-Hoc|iPhone
		Ad-Hoc|iPhoneSimulator = Ad-Hoc|iPhoneSimulator
		Ad-Hoc|x64 = Ad-Hoc|x64
		Ad-Hoc|x86 = Ad-Hoc|x86
		AppStore|Any CPU = AppStore|Any CPU
		AppStore|ARM = AppStore|ARM
		AppStore|iPhone = AppStore|iPhone
		AppStore|iPhoneSimulator = AppStore|iPhoneSimulator
		AppStore|x64 = AppStore|x64
		AppStore|x86 = AppStore|x86
		Debug|Any CPU = Debug|Any CPU
		Debug|ARM = Debug|ARM
		Debug|iPhone = Debug|iPhone
		Debug|iPhoneSimulator = Debug|iPhoneSimulator
		Debug|x64 = Debug|x64
		Debug|x86 = Debug|x86
		Release|Any CPU = Release|Any CPU
		Release|ARM = Release|ARM
		Release|iPhone = Release|iPhone
		Release|iPhoneSimulator = Release|iPhoneSimulator
		Release|x64 = Release|x64
		Release|x86 = Release|x86
	EndGlobalSection
	GlobalSection(ProjectConfigurationPlatforms) = postSolution
		{8140BAF9-038A-47D0-BC39-3BCDBBC242E9}.Ad-Hoc|Any CPU.ActiveCfg = Release|Any CPU
		{8140BAF9-038A-47D0-BC39-3BCDBBC242E9}.Ad-Hoc|Any CPU.Build.0 = Release|Any CPU
		{8140BAF9-038A-47D0-BC39-3BCDBBC242E9}.Ad-Hoc|Any CPU.Deploy.0 = Release|Any CPU
		{8140BAF9-038A-47D0-BC39-3BCDBBC242E9}.Ad-Hoc|ARM.ActiveCfg = Release|Any CPU
		{8140BAF9-038A-47D0-BC39-3BCDBBC242E9}.Ad-Hoc|ARM.Build.0 = Release|Any CPU
		{8140BAF9-038A-47D0-BC39-3BCDBBC242E9}.Ad-Hoc|ARM.Deploy.0 = Release|Any CPU
		{8140BAF9-038A-47D0-BC39-3BCDBBC242E9}.Ad-Hoc|iPhone.ActiveCfg = Release|Any CPU
		{8140BAF9-038A-47D0-BC39-3BCDBBC242E9}.Ad-Hoc|iPhone.Build.0 = Release|Any CPU
		{8140BAF9-038A-47D0-BC39-3BCDBBC242E9}.Ad-Hoc|iPhone.Deploy.0 = Release|Any CPU
		{8140BAF9-038A-47D0-BC39-3BCDBBC242E9}.Ad-Hoc|iPhoneSimulator.ActiveCfg = Release|Any CPU
		{8140BAF9-038A-47D0-BC39-3BCDBBC242E9}.Ad-Hoc|iPhoneSimulator.Build.0 = Release|Any CPU
		{8140BAF9-038A-47D0-BC39-3BCDBBC242E9}.Ad-Hoc|iPhoneSimulator.Deploy.0 = Release|Any CPU
		{8140BAF9-038A-47D0-BC39-3BCDBBC242E9}.Ad-Hoc|x64.ActiveCfg = Release|Any CPU
		{8140BAF9-038A-47D0-BC39-3BCDBBC242E9}.Ad-Hoc|x64.Build.0 = Release|Any CPU
		{8140BAF9-038A-47D0-BC39-3BCDBBC242E9}.Ad-Hoc|x64.Deploy.0 = Release|Any CPU
		{8140BAF9-038A-47D0-BC39-3BCDBBC242E9}.Ad-Hoc|x86.ActiveCfg = Release|Any CPU
		{8140BAF9-038A-47D0-BC39-3BCDBBC242E9}.Ad-Hoc|x86.Build.0 = Release|Any CPU
		{8140BAF9-038A-47D0-BC39-3BCDBBC242E9}.Ad-Hoc|x86.Deploy.0 = Release|Any CPU
		{8140BAF9-038A-47D0-BC39-3BCDBBC242E9}.AppStore|Any CPU.ActiveCfg = Release|Any CPU
		{8140BAF9-038A-47D0-BC39-3BCDBBC242E9}.AppStore|Any CPU.Build.0 = Release|Any CPU
		{8140BAF9-038A-47D0-BC39-3BCDBBC242E9}.AppStore|Any CPU.Deploy.0 = Release|Any CPU
		{8140BAF9-038A-47D0-BC39-3BCDBBC242E9}.AppStore|ARM.ActiveCfg = Release|Any CPU
		{8140BAF9-038A-47D0-BC39-3BCDBBC242E9}.AppStore|ARM.Build.0 = Release|Any CPU
		{8140BAF9-038A-47D0-BC39-3BCDBBC242E9}.AppStore|ARM.Deploy.0 = Release|Any CPU
		{8140BAF9-038A-47D0-BC39-3BCDBBC242E9}.AppStore|iPhone.ActiveCfg = Release|Any CPU
		{8140BAF9-038A-47D0-BC39-3BCDBBC242E9}.AppStore|iPhone.Build.0 = Release|Any CPU
		{8140BAF9-038A-47D0-BC39-3BCDBBC242E9}.AppStore|iPhone.Deploy.0 = Release|Any CPU
		{8140BAF9-038A-47D0-BC39-3BCDBBC242E9}.AppStore|iPhoneSimulator.ActiveCfg = Release|Any CPU
		{8140BAF9-038A-47D0-BC39-3BCDBBC242E9}.AppStore|iPhoneSimulator.Build.0 = Release|Any CPU
		{8140BAF9-038A-47D0-BC39-3BCDBBC242E9}.AppStore|iPhoneSimulator.Deploy.0 = Release|Any CPU
		{8140BAF9-038A-47D0-BC39-3BCDBBC242E9}.AppStore|x64.ActiveCfg = Release|Any CPU
		{8140BAF9-038A-47D0-BC39-3BCDBBC242E9}.AppStore|x64.Build.0 = Release|Any CPU
		{8140BAF9-038A-47D0-BC39-3BCDBBC242E9}.AppStore|x64.Deploy.0 = Release|Any CPU
		{8140BAF9-038A-47D0-BC39-3BCDBBC242E9}.AppStore|x86.ActiveCfg = Release|Any CPU
		{8140BAF9-038A-47D0-BC39-3BCDBBC242E9}.AppStore|x86.Build.0 = Release|Any CPU
		{8140BAF9-038A-47D0-BC39-3BCDBBC242E9}.AppStore|x86.Deploy.0 = Release|Any CPU
		{8140BAF9-038A-47D0-BC39-3BCDBBC242E9}.Debug|Any CPU.ActiveCfg = Debug|Any CPU
		{8140BAF9-038A-47D0-BC39-3BCDBBC242E9}.Debug|Any CPU.Build.0 = Debug|Any CPU
		{8140BAF9-038A-47D0-BC39-3BCDBBC242E9}.Debug|Any CPU.Deploy.0 = Debug|Any CPU
		{8140BAF9-038A-47D0-BC39-3BCDBBC242E9}.Debug|ARM.ActiveCfg = Debug|Any CPU
		{8140BAF9-038A-47D0-BC39-3BCDBBC242E9}.Debug|ARM.Build.0 = Debug|Any CPU
		{8140BAF9-038A-47D0-BC39-3BCDBBC242E9}.Debug|ARM.Deploy.0 = Debug|Any CPU
		{8140BAF9-038A-47D0-BC39-3BCDBBC242E9}.Debug|iPhone.ActiveCfg = Debug|Any CPU
		{8140BAF9-038A-47D0-BC39-3BCDBBC242E9}.Debug|iPhone.Build.0 = Debug|Any CPU
		{8140BAF9-038A-47D0-BC39-3BCDBBC242E9}.Debug|iPhone.Deploy.0 = Debug|Any CPU
		{8140BAF9-038A-47D0-BC39-3BCDBBC242E9}.Debug|iPhoneSimulator.ActiveCfg = Debug|Any CPU
		{8140BAF9-038A-47D0-BC39-3BCDBBC242E9}.Debug|iPhoneSimulator.Build.0 = Debug|Any CPU
		{8140BAF9-038A-47D0-BC39-3BCDBBC242E9}.Debug|iPhoneSimulator.Deploy.0 = Debug|Any CPU
		{8140BAF9-038A-47D0-BC39-3BCDBBC242E9}.Debug|x64.ActiveCfg = Debug|Any CPU
		{8140BAF9-038A-47D0-BC39-3BCDBBC242E9}.Debug|x64.Build.0 = Debug|Any CPU
		{8140BAF9-038A-47D0-BC39-3BCDBBC242E9}.Debug|x64.Deploy.0 = Debug|Any CPU
		{8140BAF9-038A-47D0-BC39-3BCDBBC242E9}.Debug|x86.ActiveCfg = Debug|Any CPU
		{8140BAF9-038A-47D0-BC39-3BCDBBC242E9}.Debug|x86.Build.0 = Debug|Any CPU
		{8140BAF9-038A-47D0-BC39-3BCDBBC242E9}.Debug|x86.Deploy.0 = Debug|Any CPU
		{8140BAF9-038A-47D0-BC39-3BCDBBC242E9}.Release|Any CPU.ActiveCfg = Release|Any CPU
		{8140BAF9-038A-47D0-BC39-3BCDBBC242E9}.Release|Any CPU.Build.0 = Release|Any CPU
		{8140BAF9-038A-47D0-BC39-3BCDBBC242E9}.Release|Any CPU.Deploy.0 = Release|Any CPU
		{8140BAF9-038A-47D0-BC39-3BCDBBC242E9}.Release|ARM.ActiveCfg = Release|Any CPU
		{8140BAF9-038A-47D0-BC39-3BCDBBC242E9}.Release|ARM.Build.0 = Release|Any CPU
		{8140BAF9-038A-47D0-BC39-3BCDBBC242E9}.Release|ARM.Deploy.0 = Release|Any CPU
		{8140BAF9-038A-47D0-BC39-3BCDBBC242E9}.Release|iPhone.ActiveCfg = Release|Any CPU
		{8140BAF9-038A-47D0-BC39-3BCDBBC242E9}.Release|iPhone.Build.0 = Release|Any CPU
		{8140BAF9-038A-47D0-BC39-3BCDBBC242E9}.Release|iPhone.Deploy.0 = Release|Any CPU
		{8140BAF9-038A-47D0-BC39-3BCDBBC242E9}.Release|iPhoneSimulator.ActiveCfg = Release|Any CPU
		{8140BAF9-038A-47D0-BC39-3BCDBBC242E9}.Release|iPhoneSimulator.Build.0 = Release|Any CPU
		{8140BAF9-038A-47D0-BC39-3BCDBBC242E9}.Release|iPhoneSimulator.Deploy.0 = Release|Any CPU
		{8140BAF9-038A-47D0-BC39-3BCDBBC242E9}.Release|x64.ActiveCfg = Release|Any CPU
		{8140BAF9-038A-47D0-BC39-3BCDBBC242E9}.Release|x64.Build.0 = Release|Any CPU
		{8140BAF9-038A-47D0-BC39-3BCDBBC242E9}.Release|x64.Deploy.0 = Release|Any CPU
		{8140BAF9-038A-47D0-BC39-3BCDBBC242E9}.Release|x86.ActiveCfg = Release|Any CPU
		{8140BAF9-038A-47D0-BC39-3BCDBBC242E9}.Release|x86.Build.0 = Release|Any CPU
		{8140BAF9-038A-47D0-BC39-3BCDBBC242E9}.Release|x86.Deploy.0 = Release|Any CPU
		{4982D904-AE41-4DB5-9BC4-E53F442DEE43}.Ad-Hoc|Any CPU.ActiveCfg = Ad-Hoc|iPhone
		{4982D904-AE41-4DB5-9BC4-E53F442DEE43}.Ad-Hoc|ARM.ActiveCfg = Ad-Hoc|iPhone
		{4982D904-AE41-4DB5-9BC4-E53F442DEE43}.Ad-Hoc|iPhone.ActiveCfg = Ad-Hoc|iPhone
		{4982D904-AE41-4DB5-9BC4-E53F442DEE43}.Ad-Hoc|iPhone.Build.0 = Ad-Hoc|iPhone
		{4982D904-AE41-4DB5-9BC4-E53F442DEE43}.Ad-Hoc|iPhoneSimulator.ActiveCfg = Ad-Hoc|iPhoneSimulator
		{4982D904-AE41-4DB5-9BC4-E53F442DEE43}.Ad-Hoc|iPhoneSimulator.Build.0 = Ad-Hoc|iPhoneSimulator
		{4982D904-AE41-4DB5-9BC4-E53F442DEE43}.Ad-Hoc|x64.ActiveCfg = Ad-Hoc|iPhone
		{4982D904-AE41-4DB5-9BC4-E53F442DEE43}.Ad-Hoc|x86.ActiveCfg = Ad-Hoc|iPhone
		{4982D904-AE41-4DB5-9BC4-E53F442DEE43}.AppStore|Any CPU.ActiveCfg = AppStore|iPhone
		{4982D904-AE41-4DB5-9BC4-E53F442DEE43}.AppStore|ARM.ActiveCfg = AppStore|iPhone
		{4982D904-AE41-4DB5-9BC4-E53F442DEE43}.AppStore|iPhone.ActiveCfg = AppStore|iPhone
		{4982D904-AE41-4DB5-9BC4-E53F442DEE43}.AppStore|iPhone.Build.0 = AppStore|iPhone
		{4982D904-AE41-4DB5-9BC4-E53F442DEE43}.AppStore|iPhoneSimulator.ActiveCfg = AppStore|iPhoneSimulator
		{4982D904-AE41-4DB5-9BC4-E53F442DEE43}.AppStore|iPhoneSimulator.Build.0 = AppStore|iPhoneSimulator
		{4982D904-AE41-4DB5-9BC4-E53F442DEE43}.AppStore|x64.ActiveCfg = AppStore|iPhone
		{4982D904-AE41-4DB5-9BC4-E53F442DEE43}.AppStore|x86.ActiveCfg = AppStore|iPhone
		{4982D904-AE41-4DB5-9BC4-E53F442DEE43}.Debug|Any CPU.ActiveCfg = Debug|iPhone
		{4982D904-AE41-4DB5-9BC4-E53F442DEE43}.Debug|ARM.ActiveCfg = Debug|iPhone
		{4982D904-AE41-4DB5-9BC4-E53F442DEE43}.Debug|iPhone.ActiveCfg = Debug|iPhone
		{4982D904-AE41-4DB5-9BC4-E53F442DEE43}.Debug|iPhone.Build.0 = Debug|iPhone
		{4982D904-AE41-4DB5-9BC4-E53F442DEE43}.Debug|iPhoneSimulator.ActiveCfg = Debug|iPhoneSimulator
		{4982D904-AE41-4DB5-9BC4-E53F442DEE43}.Debug|iPhoneSimulator.Build.0 = Debug|iPhoneSimulator
		{4982D904-AE41-4DB5-9BC4-E53F442DEE43}.Debug|x64.ActiveCfg = Debug|iPhone
		{4982D904-AE41-4DB5-9BC4-E53F442DEE43}.Debug|x86.ActiveCfg = Debug|iPhone
		{4982D904-AE41-4DB5-9BC4-E53F442DEE43}.Release|Any CPU.ActiveCfg = Release|iPhone
		{4982D904-AE41-4DB5-9BC4-E53F442DEE43}.Release|ARM.ActiveCfg = Release|iPhone
		{4982D904-AE41-4DB5-9BC4-E53F442DEE43}.Release|iPhone.ActiveCfg = Release|iPhone
		{4982D904-AE41-4DB5-9BC4-E53F442DEE43}.Release|iPhone.Build.0 = Release|iPhone
		{4982D904-AE41-4DB5-9BC4-E53F442DEE43}.Release|iPhoneSimulator.ActiveCfg = Release|iPhoneSimulator
		{4982D904-AE41-4DB5-9BC4-E53F442DEE43}.Release|iPhoneSimulator.Build.0 = Release|iPhoneSimulator
		{4982D904-AE41-4DB5-9BC4-E53F442DEE43}.Release|x64.ActiveCfg = Release|iPhone
		{4982D904-AE41-4DB5-9BC4-E53F442DEE43}.Release|x86.ActiveCfg = Release|iPhone
		{E45F0087-71CF-4D4C-8D16-FF2D9BF8CEEA}.Ad-Hoc|Any CPU.ActiveCfg = Release|x86
		{E45F0087-71CF-4D4C-8D16-FF2D9BF8CEEA}.Ad-Hoc|Any CPU.Build.0 = Release|x86
		{E45F0087-71CF-4D4C-8D16-FF2D9BF8CEEA}.Ad-Hoc|Any CPU.Deploy.0 = Release|x86
		{E45F0087-71CF-4D4C-8D16-FF2D9BF8CEEA}.Ad-Hoc|ARM.ActiveCfg = Release|ARM
		{E45F0087-71CF-4D4C-8D16-FF2D9BF8CEEA}.Ad-Hoc|ARM.Build.0 = Release|ARM
		{E45F0087-71CF-4D4C-8D16-FF2D9BF8CEEA}.Ad-Hoc|ARM.Deploy.0 = Release|ARM
		{E45F0087-71CF-4D4C-8D16-FF2D9BF8CEEA}.Ad-Hoc|iPhone.ActiveCfg = Release|x86
		{E45F0087-71CF-4D4C-8D16-FF2D9BF8CEEA}.Ad-Hoc|iPhone.Build.0 = Release|x86
		{E45F0087-71CF-4D4C-8D16-FF2D9BF8CEEA}.Ad-Hoc|iPhone.Deploy.0 = Release|x86
		{E45F0087-71CF-4D4C-8D16-FF2D9BF8CEEA}.Ad-Hoc|iPhoneSimulator.ActiveCfg = Release|x86
		{E45F0087-71CF-4D4C-8D16-FF2D9BF8CEEA}.Ad-Hoc|iPhoneSimulator.Build.0 = Release|x86
		{E45F0087-71CF-4D4C-8D16-FF2D9BF8CEEA}.Ad-Hoc|iPhoneSimulator.Deploy.0 = Release|x86
		{E45F0087-71CF-4D4C-8D16-FF2D9BF8CEEA}.Ad-Hoc|x64.ActiveCfg = Release|x64
		{E45F0087-71CF-4D4C-8D16-FF2D9BF8CEEA}.Ad-Hoc|x64.Build.0 = Release|x64
		{E45F0087-71CF-4D4C-8D16-FF2D9BF8CEEA}.Ad-Hoc|x64.Deploy.0 = Release|x64
		{E45F0087-71CF-4D4C-8D16-FF2D9BF8CEEA}.Ad-Hoc|x86.ActiveCfg = Release|x86
		{E45F0087-71CF-4D4C-8D16-FF2D9BF8CEEA}.Ad-Hoc|x86.Build.0 = Release|x86
		{E45F0087-71CF-4D4C-8D16-FF2D9BF8CEEA}.Ad-Hoc|x86.Deploy.0 = Release|x86
		{E45F0087-71CF-4D4C-8D16-FF2D9BF8CEEA}.AppStore|Any CPU.ActiveCfg = Release|x86
		{E45F0087-71CF-4D4C-8D16-FF2D9BF8CEEA}.AppStore|Any CPU.Build.0 = Release|x86
		{E45F0087-71CF-4D4C-8D16-FF2D9BF8CEEA}.AppStore|Any CPU.Deploy.0 = Release|x86
		{E45F0087-71CF-4D4C-8D16-FF2D9BF8CEEA}.AppStore|ARM.ActiveCfg = Release|ARM
		{E45F0087-71CF-4D4C-8D16-FF2D9BF8CEEA}.AppStore|ARM.Build.0 = Release|ARM
		{E45F0087-71CF-4D4C-8D16-FF2D9BF8CEEA}.AppStore|ARM.Deploy.0 = Release|ARM
		{E45F0087-71CF-4D4C-8D16-FF2D9BF8CEEA}.AppStore|iPhone.ActiveCfg = Release|x86
		{E45F0087-71CF-4D4C-8D16-FF2D9BF8CEEA}.AppStore|iPhone.Build.0 = Release|x86
		{E45F0087-71CF-4D4C-8D16-FF2D9BF8CEEA}.AppStore|iPhone.Deploy.0 = Release|x86
		{E45F0087-71CF-4D4C-8D16-FF2D9BF8CEEA}.AppStore|iPhoneSimulator.ActiveCfg = Release|x86
		{E45F0087-71CF-4D4C-8D16-FF2D9BF8CEEA}.AppStore|iPhoneSimulator.Build.0 = Release|x86
		{E45F0087-71CF-4D4C-8D16-FF2D9BF8CEEA}.AppStore|iPhoneSimulator.Deploy.0 = Release|x86
		{E45F0087-71CF-4D4C-8D16-FF2D9BF8CEEA}.AppStore|x64.ActiveCfg = Release|x64
		{E45F0087-71CF-4D4C-8D16-FF2D9BF8CEEA}.AppStore|x64.Build.0 = Release|x64
		{E45F0087-71CF-4D4C-8D16-FF2D9BF8CEEA}.AppStore|x64.Deploy.0 = Release|x64
		{E45F0087-71CF-4D4C-8D16-FF2D9BF8CEEA}.AppStore|x86.ActiveCfg = Release|x86
		{E45F0087-71CF-4D4C-8D16-FF2D9BF8CEEA}.AppStore|x86.Build.0 = Release|x86
		{E45F0087-71CF-4D4C-8D16-FF2D9BF8CEEA}.AppStore|x86.Deploy.0 = Release|x86
		{E45F0087-71CF-4D4C-8D16-FF2D9BF8CEEA}.Debug|Any CPU.ActiveCfg = Debug|x86
		{E45F0087-71CF-4D4C-8D16-FF2D9BF8CEEA}.Debug|ARM.ActiveCfg = Debug|ARM
		{E45F0087-71CF-4D4C-8D16-FF2D9BF8CEEA}.Debug|ARM.Build.0 = Debug|ARM
		{E45F0087-71CF-4D4C-8D16-FF2D9BF8CEEA}.Debug|ARM.Deploy.0 = Debug|ARM
		{E45F0087-71CF-4D4C-8D16-FF2D9BF8CEEA}.Debug|iPhone.ActiveCfg = Debug|x86
		{E45F0087-71CF-4D4C-8D16-FF2D9BF8CEEA}.Debug|iPhoneSimulator.ActiveCfg = Debug|x86
		{E45F0087-71CF-4D4C-8D16-FF2D9BF8CEEA}.Debug|x64.ActiveCfg = Debug|x64
		{E45F0087-71CF-4D4C-8D16-FF2D9BF8CEEA}.Debug|x64.Build.0 = Debug|x64
		{E45F0087-71CF-4D4C-8D16-FF2D9BF8CEEA}.Debug|x64.Deploy.0 = Debug|x64
		{E45F0087-71CF-4D4C-8D16-FF2D9BF8CEEA}.Debug|x86.ActiveCfg = Debug|x86
		{E45F0087-71CF-4D4C-8D16-FF2D9BF8CEEA}.Debug|x86.Build.0 = Debug|x86
		{E45F0087-71CF-4D4C-8D16-FF2D9BF8CEEA}.Debug|x86.Deploy.0 = Debug|x86
		{E45F0087-71CF-4D4C-8D16-FF2D9BF8CEEA}.Release|Any CPU.ActiveCfg = Release|x86
		{E45F0087-71CF-4D4C-8D16-FF2D9BF8CEEA}.Release|ARM.ActiveCfg = Release|ARM
		{E45F0087-71CF-4D4C-8D16-FF2D9BF8CEEA}.Release|ARM.Build.0 = Release|ARM
		{E45F0087-71CF-4D4C-8D16-FF2D9BF8CEEA}.Release|ARM.Deploy.0 = Release|ARM
		{E45F0087-71CF-4D4C-8D16-FF2D9BF8CEEA}.Release|iPhone.ActiveCfg = Release|x86
		{E45F0087-71CF-4D4C-8D16-FF2D9BF8CEEA}.Release|iPhoneSimulator.ActiveCfg = Release|x86
		{E45F0087-71CF-4D4C-8D16-FF2D9BF8CEEA}.Release|x64.ActiveCfg = Release|x64
		{E45F0087-71CF-4D4C-8D16-FF2D9BF8CEEA}.Release|x64.Build.0 = Release|x64
		{E45F0087-71CF-4D4C-8D16-FF2D9BF8CEEA}.Release|x64.Deploy.0 = Release|x64
		{E45F0087-71CF-4D4C-8D16-FF2D9BF8CEEA}.Release|x86.ActiveCfg = Release|x86
		{E45F0087-71CF-4D4C-8D16-FF2D9BF8CEEA}.Release|x86.Build.0 = Release|x86
		{E45F0087-71CF-4D4C-8D16-FF2D9BF8CEEA}.Release|x86.Deploy.0 = Release|x86
		{89E00962-A969-40FA-B15B-83605C432523}.Ad-Hoc|Any CPU.ActiveCfg = Debug|Any CPU
		{89E00962-A969-40FA-B15B-83605C432523}.Ad-Hoc|Any CPU.Build.0 = Debug|Any CPU
		{89E00962-A969-40FA-B15B-83605C432523}.Ad-Hoc|ARM.ActiveCfg = Debug|Any CPU
		{89E00962-A969-40FA-B15B-83605C432523}.Ad-Hoc|ARM.Build.0 = Debug|Any CPU
		{89E00962-A969-40FA-B15B-83605C432523}.Ad-Hoc|iPhone.ActiveCfg = Debug|Any CPU
		{89E00962-A969-40FA-B15B-83605C432523}.Ad-Hoc|iPhone.Build.0 = Debug|Any CPU
		{89E00962-A969-40FA-B15B-83605C432523}.Ad-Hoc|iPhoneSimulator.ActiveCfg = Debug|Any CPU
		{89E00962-A969-40FA-B15B-83605C432523}.Ad-Hoc|iPhoneSimulator.Build.0 = Debug|Any CPU
		{89E00962-A969-40FA-B15B-83605C432523}.Ad-Hoc|x64.ActiveCfg = Debug|Any CPU
		{89E00962-A969-40FA-B15B-83605C432523}.Ad-Hoc|x64.Build.0 = Debug|Any CPU
		{89E00962-A969-40FA-B15B-83605C432523}.Ad-Hoc|x86.ActiveCfg = Debug|Any CPU
		{89E00962-A969-40FA-B15B-83605C432523}.Ad-Hoc|x86.Build.0 = Debug|Any CPU
		{89E00962-A969-40FA-B15B-83605C432523}.AppStore|Any CPU.ActiveCfg = Debug|Any CPU
		{89E00962-A969-40FA-B15B-83605C432523}.AppStore|Any CPU.Build.0 = Debug|Any CPU
		{89E00962-A969-40FA-B15B-83605C432523}.AppStore|ARM.ActiveCfg = Debug|Any CPU
		{89E00962-A969-40FA-B15B-83605C432523}.AppStore|ARM.Build.0 = Debug|Any CPU
		{89E00962-A969-40FA-B15B-83605C432523}.AppStore|iPhone.ActiveCfg = Debug|Any CPU
		{89E00962-A969-40FA-B15B-83605C432523}.AppStore|iPhone.Build.0 = Debug|Any CPU
		{89E00962-A969-40FA-B15B-83605C432523}.AppStore|iPhoneSimulator.ActiveCfg = Debug|Any CPU
		{89E00962-A969-40FA-B15B-83605C432523}.AppStore|iPhoneSimulator.Build.0 = Debug|Any CPU
		{89E00962-A969-40FA-B15B-83605C432523}.AppStore|x64.ActiveCfg = Debug|Any CPU
		{89E00962-A969-40FA-B15B-83605C432523}.AppStore|x64.Build.0 = Debug|Any CPU
		{89E00962-A969-40FA-B15B-83605C432523}.AppStore|x86.ActiveCfg = Debug|Any CPU
		{89E00962-A969-40FA-B15B-83605C432523}.AppStore|x86.Build.0 = Debug|Any CPU
		{89E00962-A969-40FA-B15B-83605C432523}.Debug|Any CPU.ActiveCfg = Debug|Any CPU
		{89E00962-A969-40FA-B15B-83605C432523}.Debug|Any CPU.Build.0 = Debug|Any CPU
		{89E00962-A969-40FA-B15B-83605C432523}.Debug|ARM.ActiveCfg = Debug|Any CPU
		{89E00962-A969-40FA-B15B-83605C432523}.Debug|ARM.Build.0 = Debug|Any CPU
		{89E00962-A969-40FA-B15B-83605C432523}.Debug|iPhone.ActiveCfg = Debug|Any CPU
		{89E00962-A969-40FA-B15B-83605C432523}.Debug|iPhone.Build.0 = Debug|Any CPU
		{89E00962-A969-40FA-B15B-83605C432523}.Debug|iPhoneSimulator.ActiveCfg = Debug|Any CPU
		{89E00962-A969-40FA-B15B-83605C432523}.Debug|iPhoneSimulator.Build.0 = Debug|Any CPU
		{89E00962-A969-40FA-B15B-83605C432523}.Debug|x64.ActiveCfg = Debug|Any CPU
		{89E00962-A969-40FA-B15B-83605C432523}.Debug|x64.Build.0 = Debug|Any CPU
		{89E00962-A969-40FA-B15B-83605C432523}.Debug|x86.ActiveCfg = Debug|Any CPU
		{89E00962-A969-40FA-B15B-83605C432523}.Debug|x86.Build.0 = Debug|Any CPU
		{89E00962-A969-40FA-B15B-83605C432523}.Release|Any CPU.ActiveCfg = Release|Any CPU
		{89E00962-A969-40FA-B15B-83605C432523}.Release|Any CPU.Build.0 = Release|Any CPU
		{89E00962-A969-40FA-B15B-83605C432523}.Release|ARM.ActiveCfg = Release|Any CPU
		{89E00962-A969-40FA-B15B-83605C432523}.Release|ARM.Build.0 = Release|Any CPU
		{89E00962-A969-40FA-B15B-83605C432523}.Release|iPhone.ActiveCfg = Release|Any CPU
		{89E00962-A969-40FA-B15B-83605C432523}.Release|iPhone.Build.0 = Release|Any CPU
		{89E00962-A969-40FA-B15B-83605C432523}.Release|iPhoneSimulator.ActiveCfg = Release|Any CPU
		{89E00962-A969-40FA-B15B-83605C432523}.Release|iPhoneSimulator.Build.0 = Release|Any CPU
		{89E00962-A969-40FA-B15B-83605C432523}.Release|x64.ActiveCfg = Release|Any CPU
		{89E00962-A969-40FA-B15B-83605C432523}.Release|x64.Build.0 = Release|Any CPU
		{89E00962-A969-40FA-B15B-83605C432523}.Release|x86.ActiveCfg = Release|Any CPU
		{89E00962-A969-40FA-B15B-83605C432523}.Release|x86.Build.0 = Release|Any CPU
	EndGlobalSection
	GlobalSection(SolutionProperties) = preSolution
		HideSolutionNode = FALSE
	EndGlobalSection
	GlobalSection(ExtensibilityGlobals) = postSolution
		SolutionGuid = {C789AF37-C4FC-4E82-BB75-F566174C616D}
	EndGlobalSection
EndGlobal
